// !$*UTF8*$!
{
	archiveVersion = 1;
	classes = {
	};
	objectVersion = 77;
	objects = {

/* Begin PBXBuildFile section */
		49A9433E2F8559A700F4016C /* SpeakSwiftlyServerCore in Frameworks */ = {isa = PBXBuildFile; productRef = 49A9433D2F8559A700F4016C /* SpeakSwiftlyServerCore */; };
		49ACDC532F8D74E500DA4DD3 /* SpeakSwiftlyServer in Frameworks */ = {isa = PBXBuildFile; productRef = 49ACDC522F8D74E500DA4DD3 /* SpeakSwiftlyServer */; };
/* End PBXBuildFile section */

/* Begin PBXContainerItemProxy section */
		49220E8F2F7ADE5B00A94BD8 /* PBXContainerItemProxy */ = {
			isa = PBXContainerItemProxy;
			containerPortal = 49220E772F7ADE5A00A94BD8 /* Project object */;
			proxyType = 1;
			remoteGlobalIDString = 49220E7E2F7ADE5A00A94BD8;
			remoteInfo = SayBar;
		};
		49220E992F7ADE5B00A94BD8 /* PBXContainerItemProxy */ = {
			isa = PBXContainerItemProxy;
			containerPortal = 49220E772F7ADE5A00A94BD8 /* Project object */;
			proxyType = 1;
			remoteGlobalIDString = 49220E7E2F7ADE5A00A94BD8;
			remoteInfo = SayBar;
		};
/* End PBXContainerItemProxy section */

/* Begin PBXFileReference section */
		49220E7F2F7ADE5A00A94BD8 /* SayBar.app */ = {isa = PBXFileReference; explicitFileType = wrapper.application; includeInIndex = 0; path = SayBar.app; sourceTree = BUILT_PRODUCTS_DIR; };
		49220E8E2F7ADE5B00A94BD8 /* SayBarTests.xctest */ = {isa = PBXFileReference; explicitFileType = wrapper.cfbundle; includeInIndex = 0; path = SayBarTests.xctest; sourceTree = BUILT_PRODUCTS_DIR; };
		49220E982F7ADE5B00A94BD8 /* SayBarUITests.xctest */ = {isa = PBXFileReference; explicitFileType = wrapper.cfbundle; includeInIndex = 0; path = SayBarUITests.xctest; sourceTree = BUILT_PRODUCTS_DIR; };
		496E0E122F7F3F110027D8C1 /* README.md */ = {isa = PBXFileReference; lastKnownFileType = net.daringfireball.markdown; path = README.md; sourceTree = "<group>"; };
		496E0E142F7F3F250027D8C1 /* ROADMAP.md */ = {isa = PBXFileReference; lastKnownFileType = net.daringfireball.markdown; path = ROADMAP.md; sourceTree = "<group>"; };
		496E0E162F7F3F3C0027D8C1 /* AGENTS.md */ = {isa = PBXFileReference; lastKnownFileType = net.daringfireball.markdown; path = AGENTS.md; sourceTree = "<group>"; };
		49A9433F2F855A5900F4016C /* TODO.md */ = {isa = PBXFileReference; lastKnownFileType = net.daringfireball.markdown; path = TODO.md; sourceTree = "<group>"; };
		49A943412F855A6300F4016C /* FIXME.md */ = {isa = PBXFileReference; lastKnownFileType = net.daringfireball.markdown; path = FIXME.md; sourceTree = "<group>"; };
/* End PBXFileReference section */

/* Begin PBXFileSystemSynchronizedRootGroup section */
		49220E812F7ADE5A00A94BD8 /* SayBar */ = {
			isa = PBXFileSystemSynchronizedRootGroup;
			path = SayBar;
			sourceTree = "<group>";
		};
		49220E912F7ADE5B00A94BD8 /* SayBarTests */ = {
			isa = PBXFileSystemSynchronizedRootGroup;
			path = SayBarTests;
			sourceTree = "<group>";
		};
		49220E9B2F7ADE5B00A94BD8 /* SayBarUITests */ = {
			isa = PBXFileSystemSynchronizedRootGroup;
			path = SayBarUITests;
			sourceTree = "<group>";
		};
		49A943432F855A6900F4016C /* docs */ = {
			isa = PBXFileSystemSynchronizedRootGroup;
			path = docs;
			sourceTree = "<group>";
		};
/* End PBXFileSystemSynchronizedRootGroup section */

/* Begin PBXFrameworksBuildPhase section */
		49220E7C2F7ADE5A00A94BD8 /* Frameworks */ = {
			isa = PBXFrameworksBuildPhase;
			buildActionMask = 2147483647;
			files = (
				49A9433E2F8559A700F4016C /* SpeakSwiftlyServerCore in Frameworks */,
				49ACDC532F8D74E500DA4DD3 /* SpeakSwiftlyServer in Frameworks */,
			);
			runOnlyForDeploymentPostprocessing = 0;
		};
		49220E8B2F7ADE5B00A94BD8 /* Frameworks */ = {
			isa = PBXFrameworksBuildPhase;
			buildActionMask = 2147483647;
			files = (
			);
			runOnlyForDeploymentPostprocessing = 0;
		};
		49220E952F7ADE5B00A94BD8 /* Frameworks */ = {
			isa = PBXFrameworksBuildPhase;
			buildActionMask = 2147483647;
			files = (
			);
			runOnlyForDeploymentPostprocessing = 0;
		};
/* End PBXFrameworksBuildPhase section */

/* Begin PBXGroup section */
		49220E762F7ADE5A00A94BD8 = {
			isa = PBXGroup;
			children = (
				49A943432F855A6900F4016C /* docs */,
				49A943412F855A6300F4016C /* FIXME.md */,
				49A9433F2F855A5900F4016C /* TODO.md */,
				496E0E162F7F3F3C0027D8C1 /* AGENTS.md */,
				496E0E142F7F3F250027D8C1 /* ROADMAP.md */,
				496E0E122F7F3F110027D8C1 /* README.md */,
				49220E812F7ADE5A00A94BD8 /* SayBar */,
				49220E912F7ADE5B00A94BD8 /* SayBarTests */,
				49220E9B2F7ADE5B00A94BD8 /* SayBarUITests */,
				49220E802F7ADE5A00A94BD8 /* Products */,
			);
			sourceTree = "<group>";
		};
		49220E802F7ADE5A00A94BD8 /* Products */ = {
			isa = PBXGroup;
			children = (
				49220E7F2F7ADE5A00A94BD8 /* SayBar.app */,
				49220E8E2F7ADE5B00A94BD8 /* SayBarTests.xctest */,
				49220E982F7ADE5B00A94BD8 /* SayBarUITests.xctest */,
			);
			name = Products;
			sourceTree = "<group>";
		};
/* End PBXGroup section */

/* Begin PBXNativeTarget section */
		49220E7E2F7ADE5A00A94BD8 /* SayBar */ = {
			isa = PBXNativeTarget;
			buildConfigurationList = 49220EA22F7ADE5B00A94BD8 /* Build configuration list for PBXNativeTarget "SayBar" */;
			buildPhases = (
				49220E7B2F7ADE5A00A94BD8 /* Sources */,
				49220E7C2F7ADE5A00A94BD8 /* Frameworks */,
				49220E7D2F7ADE5A00A94BD8 /* Resources */,
			);
			buildRules = (
			);
			dependencies = (
			);
			fileSystemSynchronizedGroups = (
				49220E812F7ADE5A00A94BD8 /* SayBar */,
			);
			name = SayBar;
			packageProductDependencies = (
				49A9433D2F8559A700F4016C /* SpeakSwiftlyServerCore */,
				49ACDC522F8D74E500DA4DD3 /* SpeakSwiftlyServer */,
			);
			productName = SayBar;
			productReference = 49220E7F2F7ADE5A00A94BD8 /* SayBar.app */;
			productType = "com.apple.product-type.application";
		};
		49220E8D2F7ADE5B00A94BD8 /* SayBarTests */ = {
			isa = PBXNativeTarget;
			buildConfigurationList = 49220EA52F7ADE5B00A94BD8 /* Build configuration list for PBXNativeTarget "SayBarTests" */;
			buildPhases = (
				49220E8A2F7ADE5B00A94BD8 /* Sources */,
				49220E8B2F7ADE5B00A94BD8 /* Frameworks */,
				49220E8C2F7ADE5B00A94BD8 /* Resources */,
			);
			buildRules = (
			);
			dependencies = (
				49220E902F7ADE5B00A94BD8 /* PBXTargetDependency */,
			);
			fileSystemSynchronizedGroups = (
				49220E912F7ADE5B00A94BD8 /* SayBarTests */,
			);
			name = SayBarTests;
			packageProductDependencies = (
			);
			productName = SayBarTests;
			productReference = 49220E8E2F7ADE5B00A94BD8 /* SayBarTests.xctest */;
			productType = "com.apple.product-type.bundle.unit-test";
		};
		49220E972F7ADE5B00A94BD8 /* SayBarUITests */ = {
			isa = PBXNativeTarget;
			buildConfigurationList = 49220EA82F7ADE5B00A94BD8 /* Build configuration list for PBXNativeTarget "SayBarUITests" */;
			buildPhases = (
				49220E942F7ADE5B00A94BD8 /* Sources */,
				49220E952F7ADE5B00A94BD8 /* Frameworks */,
				49220E962F7ADE5B00A94BD8 /* Resources */,
			);
			buildRules = (
			);
			dependencies = (
				49220E9A2F7ADE5B00A94BD8 /* PBXTargetDependency */,
			);
			fileSystemSynchronizedGroups = (
				49220E9B2F7ADE5B00A94BD8 /* SayBarUITests */,
			);
			name = SayBarUITests;
			packageProductDependencies = (
			);
			productName = SayBarUITests;
			productReference = 49220E982F7ADE5B00A94BD8 /* SayBarUITests.xctest */;
			productType = "com.apple.product-type.bundle.ui-testing";
		};
/* End PBXNativeTarget section */

/* Begin PBXProject section */
		49220E772F7ADE5A00A94BD8 /* Project object */ = {
			isa = PBXProject;
			attributes = {
				BuildIndependentTargetsInParallel = 1;
				LastSwiftUpdateCheck = 2640;
				LastUpgradeCheck = 2640;
				TargetAttributes = {
					49220E7E2F7ADE5A00A94BD8 = {
						CreatedOnToolsVersion = 26.4;
					};
					49220E8D2F7ADE5B00A94BD8 = {
						CreatedOnToolsVersion = 26.4;
						TestTargetID = 49220E7E2F7ADE5A00A94BD8;
					};
					49220E972F7ADE5B00A94BD8 = {
						CreatedOnToolsVersion = 26.4;
						TestTargetID = 49220E7E2F7ADE5A00A94BD8;
					};
				};
			};
			buildConfigurationList = 49220E7A2F7ADE5A00A94BD8 /* Build configuration list for PBXProject "SayBar" */;
			developmentRegion = en;
			hasScannedForEncodings = 0;
			knownRegions = (
				en,
				Base,
			);
			mainGroup = 49220E762F7ADE5A00A94BD8;
			minimizedProjectReferenceProxies = 1;
			packageReferences = (
				49ACDC512F8D74E500DA4DD3 /* XCRemoteSwiftPackageReference "SpeakSwiftlyServer" */,
			);
			preferredProjectObjectVersion = 77;
			productRefGroup = 49220E802F7ADE5A00A94BD8 /* Products */;
			projectDirPath = "";
			projectRoot = "";
			targets = (
				49220E7E2F7ADE5A00A94BD8 /* SayBar */,
				49220E8D2F7ADE5B00A94BD8 /* SayBarTests */,
				49220E972F7ADE5B00A94BD8 /* SayBarUITests */,
			);
		};
/* End PBXProject section */

/* Begin PBXResourcesBuildPhase section */
		49220E7D2F7ADE5A00A94BD8 /* Resources */ = {
			isa = PBXResourcesBuildPhase;
			buildActionMask = 2147483647;
			files = (
			);
			runOnlyForDeploymentPostprocessing = 0;
		};
		49220E8C2F7ADE5B00A94BD8 /* Resources */ = {
			isa = PBXResourcesBuildPhase;
			buildActionMask = 2147483647;
			files = (
			);
			runOnlyForDeploymentPostprocessing = 0;
		};
		49220E962F7ADE5B00A94BD8 /* Resources */ = {
			isa = PBXResourcesBuildPhase;
			buildActionMask = 2147483647;
			files = (
			);
			runOnlyForDeploymentPostprocessing = 0;
		};
/* End PBXResourcesBuildPhase section */

/* Begin PBXSourcesBuildPhase section */
		49220E7B2F7ADE5A00A94BD8 /* Sources */ = {
			isa = PBXSourcesBuildPhase;
			buildActionMask = 2147483647;
			files = (
			);
			runOnlyForDeploymentPostprocessing = 0;
		};
		49220E8A2F7ADE5B00A94BD8 /* Sources */ = {
			isa = PBXSourcesBuildPhase;
			buildActionMask = 2147483647;
			files = (
			);
			runOnlyForDeploymentPostprocessing = 0;
		};
		49220E942F7ADE5B00A94BD8 /* Sources */ = {
			isa = PBXSourcesBuildPhase;
			buildActionMask = 2147483647;
			files = (
			);
			runOnlyForDeploymentPostprocessing = 0;
		};
/* End PBXSourcesBuildPhase section */

/* Begin PBXTargetDependency section */
		49220E902F7ADE5B00A94BD8 /* PBXTargetDependency */ = {
			isa = PBXTargetDependency;
			target = 49220E7E2F7ADE5A00A94BD8 /* SayBar */;
			targetProxy = 49220E8F2F7ADE5B00A94BD8 /* PBXContainerItemProxy */;
		};
		49220E9A2F7ADE5B00A94BD8 /* PBXTargetDependency */ = {
			isa = PBXTargetDependency;
			target = 49220E7E2F7ADE5A00A94BD8 /* SayBar */;
			targetProxy = 49220E992F7ADE5B00A94BD8 /* PBXContainerItemProxy */;
		};
/* End PBXTargetDependency section */

/* Begin XCBuildConfiguration section */
		49220EA02F7ADE5B00A94BD8 /* Debug */ = {
			isa = XCBuildConfiguration;
			buildSettings = {
				ALWAYS_SEARCH_USER_PATHS = NO;
				ASSETCATALOG_COMPILER_GENERATE_SWIFT_ASSET_SYMBOL_EXTENSIONS = YES;
				CLANG_ANALYZER_NONNULL = YES;
				CLANG_ANALYZER_NUMBER_OBJECT_CONVERSION = YES_AGGRESSIVE;
				CLANG_CXX_LANGUAGE_STANDARD = "gnu++20";
				CLANG_ENABLE_MODULES = YES;
				CLANG_ENABLE_OBJC_ARC = YES;
				CLANG_ENABLE_OBJC_WEAK = YES;
				CLANG_WARN_BLOCK_CAPTURE_AUTORELEASING = YES;
				CLANG_WARN_BOOL_CONVERSION = YES;
				CLANG_WARN_COMMA = YES;
				CLANG_WARN_CONSTANT_CONVERSION = YES;
				CLANG_WARN_DEPRECATED_OBJC_IMPLEMENTATIONS = YES;
				CLANG_WARN_DIRECT_OBJC_ISA_USAGE = YES_ERROR;
				CLANG_WARN_DOCUMENTATION_COMMENTS = YES;
				CLANG_WARN_EMPTY_BODY = YES;
				CLANG_WARN_ENUM_CONVERSION = YES;
				CLANG_WARN_INFINITE_RECURSION = YES;
				CLANG_WARN_INT_CONVERSION = YES;
				CLANG_WARN_NON_LITERAL_NULL_CONVERSION = YES;
				CLANG_WARN_OBJC_IMPLICIT_RETAIN_SELF = YES;
				CLANG_WARN_OBJC_LITERAL_CONVERSION = YES;
				CLANG_WARN_OBJC_ROOT_CLASS = YES_ERROR;
				CLANG_WARN_QUOTED_INCLUDE_IN_FRAMEWORK_HEADER = YES;
				CLANG_WARN_RANGE_LOOP_ANALYSIS = YES;
				CLANG_WARN_STRICT_PROTOTYPES = YES;
				CLANG_WARN_SUSPICIOUS_MOVE = YES;
				CLANG_WARN_UNGUARDED_AVAILABILITY = YES_AGGRESSIVE;
				CLANG_WARN_UNREACHABLE_CODE = YES;
				CLANG_WARN__DUPLICATE_METHOD_MATCH = YES;
				COPY_PHASE_STRIP = NO;
				DEBUG_INFORMATION_FORMAT = dwarf;
				DEVELOPMENT_TEAM = BC73766F69;
				ENABLE_STRICT_OBJC_MSGSEND = YES;
				ENABLE_TESTABILITY = YES;
				ENABLE_USER_SCRIPT_SANDBOXING = YES;
				GCC_C_LANGUAGE_STANDARD = gnu17;
				GCC_DYNAMIC_NO_PIC = NO;
				GCC_NO_COMMON_BLOCKS = YES;
				GCC_OPTIMIZATION_LEVEL = 0;
				GCC_PREPROCESSOR_DEFINITIONS = (
					"DEBUG=1",
					"$(inherited)",
				);
				GCC_WARN_64_TO_32_BIT_CONVERSION = YES;
				GCC_WARN_ABOUT_RETURN_TYPE = YES_ERROR;
				GCC_WARN_UNDECLARED_SELECTOR = YES;
				GCC_WARN_UNINITIALIZED_AUTOS = YES_AGGRESSIVE;
				GCC_WARN_UNUSED_FUNCTION = YES;
				GCC_WARN_UNUSED_VARIABLE = YES;
				LOCALIZATION_PREFERS_STRING_CATALOGS = YES;
				MACOSX_DEPLOYMENT_TARGET = 26.4;
				MTL_ENABLE_DEBUG_INFO = INCLUDE_SOURCE;
				MTL_FAST_MATH = YES;
				ONLY_ACTIVE_ARCH = YES;
				SDKROOT = macosx;
				SWIFT_ACTIVE_COMPILATION_CONDITIONS = "DEBUG $(inherited)";
				SWIFT_APPROACHABLE_CONCURRENCY = YES;
				SWIFT_OPTIMIZATION_LEVEL = "-Onone";
				SWIFT_VERSION = 6.0;
			};
			name = Debug;
		};
		49220EA12F7ADE5B00A94BD8 /* Release */ = {
			isa = XCBuildConfiguration;
			buildSettings = {
				ALWAYS_SEARCH_USER_PATHS = NO;
				ASSETCATALOG_COMPILER_GENERATE_SWIFT_ASSET_SYMBOL_EXTENSIONS = YES;
				CLANG_ANALYZER_NONNULL = YES;
				CLANG_ANALYZER_NUMBER_OBJECT_CONVERSION = YES_AGGRESSIVE;
				CLANG_CXX_LANGUAGE_STANDARD = "gnu++20";
				CLANG_ENABLE_MODULES = YES;
				CLANG_ENABLE_OBJC_ARC = YES;
				CLANG_ENABLE_OBJC_WEAK = YES;
				CLANG_WARN_BLOCK_CAPTURE_AUTORELEASING = YES;
				CLANG_WARN_BOOL_CONVERSION = YES;
				CLANG_WARN_COMMA = YES;
				CLANG_WARN_CONSTANT_CONVERSION = YES;
				CLANG_WARN_DEPRECATED_OBJC_IMPLEMENTATIONS = YES;
				CLANG_WARN_DIRECT_OBJC_ISA_USAGE = YES_ERROR;
				CLANG_WARN_DOCUMENTATION_COMMENTS = YES;
				CLANG_WARN_EMPTY_BODY = YES;
				CLANG_WARN_ENUM_CONVERSION = YES;
				CLANG_WARN_INFINITE_RECURSION = YES;
				CLANG_WARN_INT_CONVERSION = YES;
				CLANG_WARN_NON_LITERAL_NULL_CONVERSION = YES;
				CLANG_WARN_OBJC_IMPLICIT_RETAIN_SELF = YES;
				CLANG_WARN_OBJC_LITERAL_CONVERSION = YES;
				CLANG_WARN_OBJC_ROOT_CLASS = YES_ERROR;
				CLANG_WARN_QUOTED_INCLUDE_IN_FRAMEWORK_HEADER = YES;
				CLANG_WARN_RANGE_LOOP_ANALYSIS = YES;
				CLANG_WARN_STRICT_PROTOTYPES = YES;
				CLANG_WARN_SUSPICIOUS_MOVE = YES;
				CLANG_WARN_UNGUARDED_AVAILABILITY = YES_AGGRESSIVE;
				CLANG_WARN_UNREACHABLE_CODE = YES;
				CLANG_WARN__DUPLICATE_METHOD_MATCH = YES;
				COPY_PHASE_STRIP = NO;
				DEBUG_INFORMATION_FORMAT = "dwarf-with-dsym";
				DEVELOPMENT_TEAM = BC73766F69;
				ENABLE_NS_ASSERTIONS = NO;
				ENABLE_STRICT_OBJC_MSGSEND = YES;
				ENABLE_USER_SCRIPT_SANDBOXING = YES;
				GCC_C_LANGUAGE_STANDARD = gnu17;
				GCC_NO_COMMON_BLOCKS = YES;
				GCC_WARN_64_TO_32_BIT_CONVERSION = YES;
				GCC_WARN_ABOUT_RETURN_TYPE = YES_ERROR;
				GCC_WARN_UNDECLARED_SELECTOR = YES;
				GCC_WARN_UNINITIALIZED_AUTOS = YES_AGGRESSIVE;
				GCC_WARN_UNUSED_FUNCTION = YES;
				GCC_WARN_UNUSED_VARIABLE = YES;
				LOCALIZATION_PREFERS_STRING_CATALOGS = YES;
				MACOSX_DEPLOYMENT_TARGET = 26.4;
				MTL_ENABLE_DEBUG_INFO = NO;
				MTL_FAST_MATH = YES;
				SDKROOT = macosx;
				SWIFT_APPROACHABLE_CONCURRENCY = YES;
				SWIFT_COMPILATION_MODE = wholemodule;
				SWIFT_VERSION = 6.0;
			};
			name = Release;
		};
		49220EA32F7ADE5B00A94BD8 /* Debug */ = {
			isa = XCBuildConfiguration;
			buildSettings = {
				ASSETCATALOG_COMPILER_APPICON_NAME = AppIcon;
				ASSETCATALOG_COMPILER_GLOBAL_ACCENT_COLOR_NAME = AccentColor;
				AUTOMATION_APPLE_EVENTS = YES;
				CODE_SIGN_STYLE = Automatic;
				COMBINE_HIDPI_IMAGES = YES;
				CURRENT_PROJECT_VERSION = 1;
				DEVELOPMENT_TEAM = BC73766F69;
				ENABLE_APP_SANDBOX = YES;
				ENABLE_HARDENED_RUNTIME = YES;
				ENABLE_INCOMING_NETWORK_CONNECTIONS = YES;
				ENABLE_OUTGOING_NETWORK_CONNECTIONS = NO;
				ENABLE_PREVIEWS = YES;
				ENABLE_RESOURCE_ACCESS_AUDIO_INPUT = NO;
				ENABLE_RESOURCE_ACCESS_BLUETOOTH = NO;
				ENABLE_RESOURCE_ACCESS_CALENDARS = NO;
				ENABLE_RESOURCE_ACCESS_CAMERA = NO;
				ENABLE_RESOURCE_ACCESS_CONTACTS = NO;
				ENABLE_RESOURCE_ACCESS_LOCATION = NO;
				ENABLE_RESOURCE_ACCESS_PHOTO_LIBRARY = NO;
				ENABLE_RESOURCE_ACCESS_PRINTING = NO;
				ENABLE_RESOURCE_ACCESS_USB = NO;
				ENABLE_USER_SELECTED_FILES = readonly;
				GENERATE_INFOPLIST_FILE = YES;
				INFOPLIST_KEY_CFBundleDisplayName = SayBar;
				INFOPLIST_KEY_LSApplicationCategoryType = "public.app-category.utilities";
				INFOPLIST_KEY_NSHumanReadableCopyright = "";
				LD_RUNPATH_SEARCH_PATHS = (
					"$(inherited)",
					"@executable_path/../Frameworks",
				);
				MACOSX_DEPLOYMENT_TARGET = 15.6;
				MARKETING_VERSION = 0.1.0;
				PRODUCT_BUNDLE_IDENTIFIER = com.galewilliams.SayBar;
				PRODUCT_NAME = "$(TARGET_NAME)";
				REGISTER_APP_GROUPS = YES;
				RUNTIME_EXCEPTION_ALLOW_DYLD_ENVIRONMENT_VARIABLES = NO;
				RUNTIME_EXCEPTION_ALLOW_JIT = NO;
				RUNTIME_EXCEPTION_ALLOW_UNSIGNED_EXECUTABLE_MEMORY = NO;
				RUNTIME_EXCEPTION_DEBUGGING_TOOL = NO;
				RUNTIME_EXCEPTION_DISABLE_EXECUTABLE_PAGE_PROTECTION = NO;
				RUNTIME_EXCEPTION_DISABLE_LIBRARY_VALIDATION = NO;
				STRING_CATALOG_GENERATE_SYMBOLS = YES;
				SWIFT_APPROACHABLE_CONCURRENCY = YES;
				SWIFT_DEFAULT_ACTOR_ISOLATION = MainActor;
				SWIFT_EMIT_LOC_STRINGS = YES;
				SWIFT_UPCOMING_FEATURE_MEMBER_IMPORT_VISIBILITY = YES;
				SWIFT_VERSION = 5.0;
			};
			name = Debug;
		};
		49220EA42F7ADE5B00A94BD8 /* Release */ = {
			isa = XCBuildConfiguration;
			buildSettings = {
				ASSETCATALOG_COMPILER_APPICON_NAME = AppIcon;
				ASSETCATALOG_COMPILER_GLOBAL_ACCENT_COLOR_NAME = AccentColor;
				AUTOMATION_APPLE_EVENTS = YES;
				CODE_SIGN_STYLE = Automatic;
				COMBINE_HIDPI_IMAGES = YES;
				CURRENT_PROJECT_VERSION = 1;
				DEVELOPMENT_TEAM = BC73766F69;
				ENABLE_APP_SANDBOX = YES;
				ENABLE_HARDENED_RUNTIME = YES;
				ENABLE_INCOMING_NETWORK_CONNECTIONS = YES;
				ENABLE_OUTGOING_NETWORK_CONNECTIONS = NO;
				ENABLE_PREVIEWS = YES;
				ENABLE_RESOURCE_ACCESS_AUDIO_INPUT = NO;
				ENABLE_RESOURCE_ACCESS_BLUETOOTH = NO;
				ENABLE_RESOURCE_ACCESS_CALENDARS = NO;
				ENABLE_RESOURCE_ACCESS_CAMERA = NO;
				ENABLE_RESOURCE_ACCESS_CONTACTS = NO;
				ENABLE_RESOURCE_ACCESS_LOCATION = NO;
				ENABLE_RESOURCE_ACCESS_PHOTO_LIBRARY = NO;
				ENABLE_RESOURCE_ACCESS_PRINTING = NO;
				ENABLE_RESOURCE_ACCESS_USB = NO;
				ENABLE_USER_SELECTED_FILES = readonly;
				GENERATE_INFOPLIST_FILE = YES;
				INFOPLIST_KEY_CFBundleDisplayName = SayBar;
				INFOPLIST_KEY_LSApplicationCategoryType = "public.app-category.utilities";
				INFOPLIST_KEY_NSHumanReadableCopyright = "";
				LD_RUNPATH_SEARCH_PATHS = (
					"$(inherited)",
					"@executable_path/../Frameworks",
				);
				MACOSX_DEPLOYMENT_TARGET = 15.6;
				MARKETING_VERSION = 0.1.0;
				PRODUCT_BUNDLE_IDENTIFIER = com.galewilliams.SayBar;
				PRODUCT_NAME = "$(TARGET_NAME)";
				REGISTER_APP_GROUPS = YES;
				RUNTIME_EXCEPTION_ALLOW_DYLD_ENVIRONMENT_VARIABLES = NO;
				RUNTIME_EXCEPTION_ALLOW_JIT = NO;
				RUNTIME_EXCEPTION_ALLOW_UNSIGNED_EXECUTABLE_MEMORY = NO;
				RUNTIME_EXCEPTION_DEBUGGING_TOOL = NO;
				RUNTIME_EXCEPTION_DISABLE_EXECUTABLE_PAGE_PROTECTION = NO;
				RUNTIME_EXCEPTION_DISABLE_LIBRARY_VALIDATION = NO;
				STRING_CATALOG_GENERATE_SYMBOLS = YES;
				SWIFT_APPROACHABLE_CONCURRENCY = YES;
				SWIFT_DEFAULT_ACTOR_ISOLATION = MainActor;
				SWIFT_EMIT_LOC_STRINGS = YES;
				SWIFT_UPCOMING_FEATURE_MEMBER_IMPORT_VISIBILITY = YES;
				SWIFT_VERSION = 5.0;
			};
			name = Release;
		};
		49220EA62F7ADE5B00A94BD8 /* Debug */ = {
			isa = XCBuildConfiguration;
			buildSettings = {
				BUNDLE_LOADER = "$(TEST_HOST)";
				CODE_SIGN_STYLE = Automatic;
				CURRENT_PROJECT_VERSION = 1;
				DEVELOPMENT_TEAM = BC73766F69;
				GENERATE_INFOPLIST_FILE = YES;
				MACOSX_DEPLOYMENT_TARGET = 15.6;
				MARKETING_VERSION = 1.0;
				PRODUCT_BUNDLE_IDENTIFIER = com.galewilliams.SayBarTests;
				PRODUCT_NAME = "$(TARGET_NAME)";
				STRING_CATALOG_GENERATE_SYMBOLS = NO;
				SWIFT_APPROACHABLE_CONCURRENCY = YES;
				SWIFT_EMIT_LOC_STRINGS = NO;
				SWIFT_UPCOMING_FEATURE_MEMBER_IMPORT_VISIBILITY = YES;
				SWIFT_VERSION = 5.0;
				TEST_HOST = "$(BUILT_PRODUCTS_DIR)/SayBar.app/$(BUNDLE_EXECUTABLE_FOLDER_PATH)/SayBar";
			};
			name = Debug;
		};
		49220EA72F7ADE5B00A94BD8 /* Release */ = {
			isa = XCBuildConfiguration;
			buildSettings = {
				BUNDLE_LOADER = "$(TEST_HOST)";
				CODE_SIGN_STYLE = Automatic;
				CURRENT_PROJECT_VERSION = 1;
				DEVELOPMENT_TEAM = BC73766F69;
				GENERATE_INFOPLIST_FILE = YES;
				MACOSX_DEPLOYMENT_TARGET = 15.6;
				MARKETING_VERSION = 1.0;
				PRODUCT_BUNDLE_IDENTIFIER = com.galewilliams.SayBarTests;
				PRODUCT_NAME = "$(TARGET_NAME)";
				STRING_CATALOG_GENERATE_SYMBOLS = NO;
				SWIFT_APPROACHABLE_CONCURRENCY = YES;
				SWIFT_EMIT_LOC_STRINGS = NO;
				SWIFT_UPCOMING_FEATURE_MEMBER_IMPORT_VISIBILITY = YES;
				SWIFT_VERSION = 5.0;
				TEST_HOST = "$(BUILT_PRODUCTS_DIR)/SayBar.app/$(BUNDLE_EXECUTABLE_FOLDER_PATH)/SayBar";
			};
			name = Release;
		};
		49220EA92F7ADE5B00A94BD8 /* Debug */ = {
			isa = XCBuildConfiguration;
			buildSettings = {
				CODE_SIGN_STYLE = Automatic;
				CURRENT_PROJECT_VERSION = 1;
				DEVELOPMENT_TEAM = BC73766F69;
				GENERATE_INFOPLIST_FILE = YES;
				MACOSX_DEPLOYMENT_TARGET = 15.6;
				MARKETING_VERSION = 1.0;
				PRODUCT_BUNDLE_IDENTIFIER = com.galewilliams.SayBarUITests;
				PRODUCT_NAME = "$(TARGET_NAME)";
				STRING_CATALOG_GENERATE_SYMBOLS = NO;
				SWIFT_APPROACHABLE_CONCURRENCY = YES;
				SWIFT_EMIT_LOC_STRINGS = NO;
				SWIFT_UPCOMING_FEATURE_MEMBER_IMPORT_VISIBILITY = YES;
				SWIFT_VERSION = 5.0;
				TEST_TARGET_NAME = SayBar;
			};
			name = Debug;
		};
		49220EAA2F7ADE5B00A94BD8 /* Release */ = {
			isa = XCBuildConfiguration;
			buildSettings = {
				CODE_SIGN_STYLE = Automatic;
				CURRENT_PROJECT_VERSION = 1;
				DEVELOPMENT_TEAM = BC73766F69;
				GENERATE_INFOPLIST_FILE = YES;
				MACOSX_DEPLOYMENT_TARGET = 15.6;
				MARKETING_VERSION = 1.0;
				PRODUCT_BUNDLE_IDENTIFIER = com.galewilliams.SayBarUITests;
				PRODUCT_NAME = "$(TARGET_NAME)";
				STRING_CATALOG_GENERATE_SYMBOLS = NO;
				SWIFT_APPROACHABLE_CONCURRENCY = YES;
				SWIFT_EMIT_LOC_STRINGS = NO;
				SWIFT_UPCOMING_FEATURE_MEMBER_IMPORT_VISIBILITY = YES;
				SWIFT_VERSION = 5.0;
				TEST_TARGET_NAME = SayBar;
			};
			name = Release;
		};
/* End XCBuildConfiguration section */

/* Begin XCConfigurationList section */
		49220E7A2F7ADE5A00A94BD8 /* Build configuration list for PBXProject "SayBar" */ = {
			isa = XCConfigurationList;
			buildConfigurations = (
				49220EA02F7ADE5B00A94BD8 /* Debug */,
				49220EA12F7ADE5B00A94BD8 /* Release */,
			);
			defaultConfigurationIsVisible = 0;
			defaultConfigurationName = Release;
		};
		49220EA22F7ADE5B00A94BD8 /* Build configuration list for PBXNativeTarget "SayBar" */ = {
			isa = XCConfigurationList;
			buildConfigurations = (
				49220EA32F7ADE5B00A94BD8 /* Debug */,
				49220EA42F7ADE5B00A94BD8 /* Release */,
			);
			defaultConfigurationIsVisible = 0;
			defaultConfigurationName = Release;
		};
		49220EA52F7ADE5B00A94BD8 /* Build configuration list for PBXNativeTarget "SayBarTests" */ = {
			isa = XCConfigurationList;
			buildConfigurations = (
				49220EA62F7ADE5B00A94BD8 /* Debug */,
				49220EA72F7ADE5B00A94BD8 /* Release */,
			);
			defaultConfigurationIsVisible = 0;
			defaultConfigurationName = Release;
		};
		49220EA82F7ADE5B00A94BD8 /* Build configuration list for PBXNativeTarget "SayBarUITests" */ = {
			isa = XCConfigurationList;
			buildConfigurations = (
				49220EA92F7ADE5B00A94BD8 /* Debug */,
				49220EAA2F7ADE5B00A94BD8 /* Release */,
			);
			defaultConfigurationIsVisible = 0;
			defaultConfigurationName = Release;
		};
/* End XCConfigurationList section */

/* Begin XCRemoteSwiftPackageReference section */
		49ACDC512F8D74E500DA4DD3 /* XCRemoteSwiftPackageReference "SpeakSwiftlyServer" */ = {
			isa = XCRemoteSwiftPackageReference;
			repositoryURL = "https://github.com/gaelic-ghost/SpeakSwiftlyServer";
			requirement = {
				kind = exactVersion;
				version = 3.0.1;
			};
		};
/* End XCRemoteSwiftPackageReference section */

/* Begin XCSwiftPackageProductDependency section */
		49A9433D2F8559A700F4016C /* SpeakSwiftlyServerCore */ = {
			isa = XCSwiftPackageProductDependency;
			productName = SpeakSwiftlyServerCore;
		};
		49ACDC522F8D74E500DA4DD3 /* SpeakSwiftlyServer */ = {
			isa = XCSwiftPackageProductDependency;
			package = 49ACDC512F8D74E500DA4DD3 /* XCRemoteSwiftPackageReference "SpeakSwiftlyServer" */;
			productName = SpeakSwiftlyServer;
		};
/* End XCSwiftPackageProductDependency section */
	};
	rootObject = 49220E772F7ADE5A00A94BD8 /* Project object */;
}
